{
    "_readme": [
        "This file locks the dependencies of your project to a known state",
        "Read more about it at https://getcomposer.org/doc/01-basic-usage.md#composer-lock-the-lock-file",
        "This file is @generated automatically"
    ],
    "content-hash": "450dcdd61417f01b89049780faa02091",
    "packages": [
        {
            "name": "guzzlehttp/psr7",
            "version": "1.4.2",
            "source": {
                "type": "git",
                "url": "https://github.com/guzzle/psr7.git",
                "reference": "f5b8a8512e2b58b0071a7280e39f14f72e05d87c"
            },
            "dist": {
                "type": "zip",
                "url": "https://api.github.com/repos/guzzle/psr7/zipball/f5b8a8512e2b58b0071a7280e39f14f72e05d87c",
                "reference": "f5b8a8512e2b58b0071a7280e39f14f72e05d87c",
                "shasum": ""
            },
            "require": {
                "php": ">=5.4.0",
                "psr/http-message": "~1.0"
            },
            "provide": {
                "psr/http-message-implementation": "1.0"
            },
            "require-dev": {
                "phpunit/phpunit": "~4.0"
            },
            "type": "library",
            "extra": {
                "branch-alias": {
                    "dev-master": "1.4-dev"
                }
            },
            "autoload": {
                "psr-4": {
                    "GuzzleHttp\\Psr7\\": "src/"
                },
                "files": [
                    "src/functions_include.php"
                ]
            },
            "notification-url": "https://packagist.org/downloads/",
            "license": [
                "MIT"
            ],
            "authors": [
                {
                    "name": "Michael Dowling",
                    "email": "mtdowling@gmail.com",
                    "homepage": "https://github.com/mtdowling"
                },
                {
                    "name": "Tobias Schultze",
                    "homepage": "https://github.com/Tobion"
                }
            ],
            "description": "PSR-7 message implementation that also provides common utility methods",
            "keywords": [
                "http",
                "message",
                "request",
                "response",
                "stream",
                "uri",
                "url"
            ],
            "time": "2017-03-20T17:10:46+00:00"
        },
        {
            "name": "intervention/image",
            "version": "2.4.1",
            "source": {
                "type": "git",
                "url": "https://github.com/Intervention/image.git",
                "reference": "3603dbcc9a17d307533473246a6c58c31cf17919"
            },
            "dist": {
                "type": "zip",
                "url": "https://api.github.com/repos/Intervention/image/zipball/3603dbcc9a17d307533473246a6c58c31cf17919",
                "reference": "3603dbcc9a17d307533473246a6c58c31cf17919",
                "shasum": ""
            },
            "require": {
                "ext-fileinfo": "*",
                "guzzlehttp/psr7": "~1.1",
                "php": ">=5.4.0"
            },
            "require-dev": {
                "mockery/mockery": "~0.9.2",
                "phpunit/phpunit": "^4.8 || ^5.7"
            },
            "suggest": {
                "ext-gd": "to use GD library based image processing.",
                "ext-imagick": "to use Imagick based image processing.",
                "intervention/imagecache": "Caching extension for the Intervention Image library"
            },
            "type": "library",
            "extra": {
                "branch-alias": {
                    "dev-master": "2.3-dev"
                },
                "laravel": {
                    "providers": [
                        "Intervention\\Image\\ImageServiceProvider"
                    ],
                    "aliases": {
                        "Image": "Intervention\\Image\\Facades\\Image"
                    }
                }
            },
            "autoload": {
                "psr-4": {
                    "Intervention\\Image\\": "src/Intervention/Image"
                }
            },
            "notification-url": "https://packagist.org/downloads/",
            "license": [
                "MIT"
            ],
            "authors": [
                {
                    "name": "Oliver Vogel",
                    "email": "oliver@olivervogel.com",
                    "homepage": "http://olivervogel.com/"
                }
            ],
            "description": "Image handling and manipulation library with support for Laravel integration",
            "homepage": "http://image.intervention.io/",
            "keywords": [
                "gd",
                "image",
                "imagick",
                "laravel",
                "thumbnail",
                "watermark"
            ],
            "time": "2017-09-21T16:29:17+00:00"
        },
        {
            "name": "psr/http-message",
            "version": "1.0.1",
            "source": {
                "type": "git",
                "url": "https://github.com/php-fig/http-message.git",
                "reference": "f6561bf28d520154e4b0ec72be95418abe6d9363"
            },
            "dist": {
                "type": "zip",
                "url": "https://api.github.com/repos/php-fig/http-message/zipball/f6561bf28d520154e4b0ec72be95418abe6d9363",
                "reference": "f6561bf28d520154e4b0ec72be95418abe6d9363",
                "shasum": ""
            },
            "require": {
                "php": ">=5.3.0"
            },
            "type": "library",
            "extra": {
                "branch-alias": {
                    "dev-master": "1.0.x-dev"
                }
            },
            "autoload": {
                "psr-4": {
                    "Psr\\Http\\Message\\": "src/"
                }
            },
            "notification-url": "https://packagist.org/downloads/",
            "license": [
                "MIT"
            ],
            "authors": [
                {
                    "name": "PHP-FIG",
                    "homepage": "http://www.php-fig.org/"
                }
            ],
            "description": "Common interface for HTTP messages",
            "homepage": "https://github.com/php-fig/http-message",
            "keywords": [
                "http",
                "http-message",
                "psr",
                "psr-7",
                "request",
                "response"
            ],
            "time": "2016-08-06T14:39:51+00:00"
        }
    ],
    "packages-dev": [
        {
            "name": "rdehnhardt/var-dumper",
            "version": "1.1.0",
            "source": {
                "type": "git",
                "url": "https://github.com/rdehnhardt/var-dumper.git",
                "reference": "1f6b560348fd843fe7250ffbaabdb5df329de747"
            },
            "dist": {
                "type": "zip",
                "url": "https://api.github.com/repos/rdehnhardt/var-dumper/zipball/1f6b560348fd843fe7250ffbaabdb5df329de747",
                "reference": "1f6b560348fd843fe7250ffbaabdb5df329de747",
                "shasum": ""
            },
            "require": {
                "symfony/var-dumper": "~3.3"
            },
            "require-dev": {
                "fzaninotto/faker": "~1.5",
                "mockery/mockery": "0.9.*",
                "phpunit/phpunit": "~5.0"
            },
            "type": "library",
            "autoload": {
                "files": [
                    "src/helpers.php"
                ],
                "psr-4": {
                    "Rdehnhardt\\": "src/"
                }
            },
            "notification-url": "https://packagist.org/downloads/",
            "license": [
                "MIT"
            ],
            "authors": [
                {
                    "name": "Renato Dehnhardt",
                    "email": "renatotkd@gmail.com"
                }
            ],
            "description": "Dumper based on Laravel for non Laravel projects.",
            "time": "2017-07-19T21:54:02+00:00"
        },
        {
            "name": "symfony/polyfill-mbstring",
            "version": "v1.6.0",
            "source": {
                "type": "git",
                "url": "https://github.com/symfony/polyfill-mbstring.git",
                "reference": "2ec8b39c38cb16674bbf3fea2b6ce5bf117e1296"
            },
            "dist": {
                "type": "zip",
                "url": "https://api.github.com/repos/symfony/polyfill-mbstring/zipball/2ec8b39c38cb16674bbf3fea2b6ce5bf117e1296",
                "reference": "2ec8b39c38cb16674bbf3fea2b6ce5bf117e1296",
                "shasum": ""
            },
            "require": {
                "php": ">=5.3.3"
            },
            "suggest": {
                "ext-mbstring": "For best performance"
            },
            "type": "library",
            "extra": {
                "branch-alias": {
                    "dev-master": "1.6-dev"
                }
            },
            "autoload": {
                "psr-4": {
                    "Symfony\\Polyfill\\Mbstring\\": ""
                },
                "files": [
                    "bootstrap.php"
                ]
            },
            "notification-url": "https://packagist.org/downloads/",
            "license": [
                "MIT"
            ],
            "authors": [
                {
                    "name": "Nicolas Grekas",
                    "email": "p@tchwork.com"
                },
                {
                    "name": "Symfony Community",
                    "homepage": "https://symfony.com/contributors"
                }
            ],
            "description": "Symfony polyfill for the Mbstring extension",
            "homepage": "https://symfony.com",
            "keywords": [
                "compatibility",
                "mbstring",
                "polyfill",
                "portable",
                "shim"
            ],
            "time": "2017-10-11T12:05:26+00:00"
        },
        {
            "name": "symfony/var-dumper",
            "version": "v3.3.13",
            "source": {
                "type": "git",
                "url": "https://github.com/symfony/var-dumper.git",
                "reference": "805de6bd6869073e60610df1b14ab7d969c61b01"
            },
            "dist": {
                "type": "zip",
                "url": "https://api.github.com/repos/symfony/var-dumper/zipball/805de6bd6869073e60610df1b14ab7d969c61b01",
                "reference": "805de6bd6869073e60610df1b14ab7d969c61b01",
                "shasum": ""
            },
            "require": {
                "php": "^5.5.9|>=7.0.8",
                "symfony/polyfill-mbstring": "~1.0"
            },
            "conflict": {
                "phpunit/phpunit": "<4.8.35|<5.4.3,>=5.0"
            },
            "require-dev": {
                "ext-iconv": "*",
                "twig/twig": "~1.34|~2.4"
            },
            "suggest": {
                "ext-iconv": "To convert non-UTF-8 strings to UTF-8 (or symfony/polyfill-iconv in case ext-iconv cannot be used).",
                "ext-symfony_debug": ""
            },
            "type": "library",
            "extra": {
                "branch-alias": {
                    "dev-master": "3.3-dev"
                }
            },
            "autoload": {
                "files": [
                    "Resources/functions/dump.php"
                ],
                "psr-4": {
                    "Symfony\\Component\\VarDumper\\": ""
                },
                "exclude-from-classmap": [
                    "/Tests/"
                ]
            },
            "notification-url": "https://packagist.org/downloads/",
            "license": [
                "MIT"
            ],
            "authors": [
                {
                    "name": "Nicolas Grekas",
                    "email": "p@tchwork.com"
                },
                {
                    "name": "Symfony Community",
                    "homepage": "https://symfony.com/contributors"
                }
            ],
            "description": "Symfony mechanism for exploring and dumping PHP variables",
            "homepage": "https://symfony.com",
            "keywords": [
                "debug",
                "dump"
            ],
            "time": "2017-11-07T14:16:22+00:00"
        }
    ],
    "aliases": [],
    "minimum-stability": "stable",
    "stability-flags": [],
    "prefer-stable": false,
    "prefer-lowest": false,
    "platform": [],
    "platform-dev": []
}
